// !$*UTF8*$!
{
	archiveVersion = 1;
	classes = {
	};
	objectVersion = 50;
	objects = {

/* Begin PBXBuildFile section */
		5C86F82F216E8669007753AF /* EmojiDetailTableViewController.swift in Sources */ = {isa = PBXBuildFile; fileRef = 5C86F82E216E8669007753AF /* EmojiDetailTableViewController.swift */; };
		5CB168E021771A0E00980C94 /* CRUDPlist.swift in Sources */ = {isa = PBXBuildFile; fileRef = 5CB168DF21771A0E00980C94 /* CRUDPlist.swift */; };
		5CB168E22177BA8900980C94 /* emojis.plist in Resources */ = {isa = PBXBuildFile; fileRef = 5CB168E12177BA8900980C94 /* emojis.plist */; };
		5CB8574E216BC81900367649 /* AppDelegate.swift in Sources */ = {isa = PBXBuildFile; fileRef = 5CB8574D216BC81900367649 /* AppDelegate.swift */; };
		5CB85753216BC81900367649 /* Main.storyboard in Resources */ = {isa = PBXBuildFile; fileRef = 5CB85751216BC81900367649 /* Main.storyboard */; };
		5CB85755216BC81B00367649 /* Assets.xcassets in Resources */ = {isa = PBXBuildFile; fileRef = 5CB85754216BC81B00367649 /* Assets.xcassets */; };
		5CB85758216BC81B00367649 /* LaunchScreen.storyboard in Resources */ = {isa = PBXBuildFile; fileRef = 5CB85756216BC81B00367649 /* LaunchScreen.storyboard */; };
		5CB85760216BC8C600367649 /* Emoji.swift in Sources */ = {isa = PBXBuildFile; fileRef = 5CB8575F216BC8C600367649 /* Emoji.swift */; };
		5CB85762216BCA9900367649 /* EmojiTableViewController.swift in Sources */ = {isa = PBXBuildFile; fileRef = 5CB85761216BCA9900367649 /* EmojiTableViewController.swift */; };
		5CB85764216BE06F00367649 /* EmojiTableViewCell.swift in Sources */ = {isa = PBXBuildFile; fileRef = 5CB85763216BE06F00367649 /* EmojiTableViewCell.swift */; };
		5CE790C0216F79CB001BEBFF /* Emojis.swift in Sources */ = {isa = PBXBuildFile; fileRef = 5CE790BF216F79CB001BEBFF /* Emojis.swift */; };
		5CE790C22170BAFB001BEBFF /* CheckEmoji.swift in Sources */ = {isa = PBXBuildFile; fileRef = 5CE790C12170BAFB001BEBFF /* CheckEmoji.swift */; };
		5CE790C521713124001BEBFF /* EmojiType.swift in Sources */ = {isa = PBXBuildFile; fileRef = 5CE790C421713124001BEBFF /* EmojiType.swift */; };
		5CE790C72171D1F1001BEBFF /* DetailVCSections.swift in Sources */ = {isa = PBXBuildFile; fileRef = 5CE790C62171D1F1001BEBFF /* DetailVCSections.swift */; };
		5CE790CA21732443001BEBFF /* KeyboardHide.swift in Sources */ = {isa = PBXBuildFile; fileRef = 5CE790C921732443001BEBFF /* KeyboardHide.swift */; };
		5CE790CC21732D4A001BEBFF /* HexColor.swift in Sources */ = {isa = PBXBuildFile; fileRef = 5CE790CB21732D4A001BEBFF /* HexColor.swift */; };
		5CEA703A21B19887002DE87E /* IMG_8743D919F347-1.jpeg in Resources */ = {isa = PBXBuildFile; fileRef = 5CEA703721B19887002DE87E /* IMG_8743D919F347-1.jpeg */; };
		5CEA703B21B19887002DE87E /* IMG_E5D8E46D044B-1.jpeg in Resources */ = {isa = PBXBuildFile; fileRef = 5CEA703821B19887002DE87E /* IMG_E5D8E46D044B-1.jpeg */; };
		5CEA703C21B19887002DE87E /* IMG_DC1E0E29A1DA-1.jpeg in Resources */ = {isa = PBXBuildFile; fileRef = 5CEA703921B19887002DE87E /* IMG_DC1E0E29A1DA-1.jpeg */; };
/* End PBXBuildFile section */

/* Begin PBXFileReference section */
		5C86F82E216E8669007753AF /* EmojiDetailTableViewController.swift */ = {isa = PBXFileReference; lastKnownFileType = sourcecode.swift; path = EmojiDetailTableViewController.swift; sourceTree = "<group>"; };
		5CB168DF21771A0E00980C94 /* CRUDPlist.swift */ = {isa = PBXFileReference; lastKnownFileType = sourcecode.swift; path = CRUDPlist.swift; sourceTree = "<group>"; };
		5CB168E12177BA8900980C94 /* emojis.plist */ = {isa = PBXFileReference; lastKnownFileType = file.bplist; path = emojis.plist; sourceTree = "<group>"; };
		5CB8574A216BC81900367649 /* Emoji Dictionary.app */ = {isa = PBXFileReference; explicitFileType = wrapper.application; includeInIndex = 0; path = "Emoji Dictionary.app"; sourceTree = BUILT_PRODUCTS_DIR; };
		5CB8574D216BC81900367649 /* AppDelegate.swift */ = {isa = PBXFileReference; lastKnownFileType = sourcecode.swift; path = AppDelegate.swift; sourceTree = "<group>"; };
		5CB85752216BC81900367649 /* Base */ = {isa = PBXFileReference; lastKnownFileType = file.storyboard; name = Base; path = Base.lproj/Main.storyboard; sourceTree = "<group>"; };
		5CB85754216BC81B00367649 /* Assets.xcassets */ = {isa = PBXFileReference; lastKnownFileType = folder.assetcatalog; path = Assets.xcassets; sourceTree = "<group>"; };
		5CB85757216BC81B00367649 /* Base */ = {isa = PBXFileReference; lastKnownFileType = file.storyboard; name = Base; path = Base.lproj/LaunchScreen.storyboard; sourceTree = "<group>"; };
		5CB85759216BC81B00367649 /* Info.plist */ = {isa = PBXFileReference; lastKnownFileType = text.plist.xml; path = Info.plist; sourceTree = "<group>"; };
		5CB8575F216BC8C600367649 /* Emoji.swift */ = {isa = PBXFileReference; lastKnownFileType = sourcecode.swift; path = Emoji.swift; sourceTree = "<group>"; };
		5CB85761216BCA9900367649 /* EmojiTableViewController.swift */ = {isa = PBXFileReference; lastKnownFileType = sourcecode.swift; path = EmojiTableViewController.swift; sourceTree = "<group>"; };
		5CB85763216BE06F00367649 /* EmojiTableViewCell.swift */ = {isa = PBXFileReference; lastKnownFileType = sourcecode.swift; path = EmojiTableViewCell.swift; sourceTree = "<group>"; };
		5CE790BF216F79CB001BEBFF /* Emojis.swift */ = {isa = PBXFileReference; lastKnownFileType = sourcecode.swift; path = Emojis.swift; sourceTree = "<group>"; };
		5CE790C12170BAFB001BEBFF /* CheckEmoji.swift */ = {isa = PBXFileReference; lastKnownFileType = sourcecode.swift; path = CheckEmoji.swift; sourceTree = "<group>"; };
		5CE790C421713124001BEBFF /* EmojiType.swift */ = {isa = PBXFileReference; lastKnownFileType = sourcecode.swift; path = EmojiType.swift; sourceTree = "<group>"; };
		5CE790C62171D1F1001BEBFF /* DetailVCSections.swift */ = {isa = PBXFileReference; lastKnownFileType = sourcecode.swift; path = DetailVCSections.swift; sourceTree = "<group>"; };
		5CE790C921732443001BEBFF /* KeyboardHide.swift */ = {isa = PBXFileReference; lastKnownFileType = sourcecode.swift; path = KeyboardHide.swift; sourceTree = "<group>"; };
		5CE790CB21732D4A001BEBFF /* HexColor.swift */ = {isa = PBXFileReference; lastKnownFileType = sourcecode.swift; path = HexColor.swift; sourceTree = "<group>"; };
		5CEA703721B19887002DE87E /* IMG_8743D919F347-1.jpeg */ = {isa = PBXFileReference; lastKnownFileType = image.jpeg; path = "IMG_8743D919F347-1.jpeg"; sourceTree = "<group>"; };
		5CEA703821B19887002DE87E /* IMG_E5D8E46D044B-1.jpeg */ = {isa = PBXFileReference; lastKnownFileType = image.jpeg; path = "IMG_E5D8E46D044B-1.jpeg"; sourceTree = "<group>"; };
		5CEA703921B19887002DE87E /* IMG_DC1E0E29A1DA-1.jpeg */ = {isa = PBXFileReference; lastKnownFileType = image.jpeg; path = "IMG_DC1E0E29A1DA-1.jpeg"; sourceTree = "<group>"; };
/* End PBXFileReference section */

/* Begin PBXFrameworksBuildPhase section */
		5CB85747216BC81900367649 /* Frameworks */ = {
			isa = PBXFrameworksBuildPhase;
			buildActionMask = 2147483647;
			files = (
			);
			runOnlyForDeploymentPostprocessing = 0;
		};
/* End PBXFrameworksBuildPhase section */

/* Begin PBXGroup section */
		5CB85741216BC81900367649 = {
			isa = PBXGroup;
			children = (
				5CEA703621B19871002DE87E /* screens */,
				5CB8574C216BC81900367649 /* Emoji Dictionary */,
				5CB8574B216BC81900367649 /* Products */,
			);
			sourceTree = "<group>";
		};
		5CB8574B216BC81900367649 /* Products */ = {
			isa = PBXGroup;
			children = (
				5CB8574A216BC81900367649 /* Emoji Dictionary.app */,
			);
			name = Products;
			sourceTree = "<group>";
		};
		5CB8574C216BC81900367649 /* Emoji Dictionary */ = {
			isa = PBXGroup;
			children = (
				5CE790C32170BB57001BEBFF /* Extensions */,
				5CB8574D216BC81900367649 /* AppDelegate.swift */,
				5CB85754216BC81B00367649 /* Assets.xcassets */,
				5CB168E12177BA8900980C94 /* emojis.plist */,
				5CB85759216BC81B00367649 /* Info.plist */,
				5CD4E51D216F3B3900170378 /* Model */,
				5CD4E51E216F3B5F00170378 /* View */,
				5CD4E51F216F3B6800170378 /* Controller */,
			);
			path = "Emoji Dictionary";
			sourceTree = "<group>";
		};
		5CD4E51D216F3B3900170378 /* Model */ = {
			isa = PBXGroup;
			children = (
				5CB8575F216BC8C600367649 /* Emoji.swift */,
				5CE790C421713124001BEBFF /* EmojiType.swift */,
				5CE790BF216F79CB001BEBFF /* Emojis.swift */,
			);
			path = Model;
			sourceTree = "<group>";
		};
		5CD4E51E216F3B5F00170378 /* View */ = {
			isa = PBXGroup;
			children = (
				5CB85751216BC81900367649 /* Main.storyboard */,
				5CB85756216BC81B00367649 /* LaunchScreen.storyboard */,
				5CE790C62171D1F1001BEBFF /* DetailVCSections.swift */,
			);
			path = View;
			sourceTree = "<group>";
		};
		5CD4E51F216F3B6800170378 /* Controller */ = {
			isa = PBXGroup;
			children = (
				5CD4E520216F3B9700170378 /* Emoji List */,
				5CD4E521216F3BBF00170378 /* Emoji Detail */,
			);
			path = Controller;
			sourceTree = "<group>";
		};
		5CD4E520216F3B9700170378 /* Emoji List */ = {
			isa = PBXGroup;
			children = (
				5CB85761216BCA9900367649 /* EmojiTableViewController.swift */,
			);
			path = "Emoji List";
			sourceTree = "<group>";
		};
		5CD4E521216F3BBF00170378 /* Emoji Detail */ = {
			isa = PBXGroup;
			children = (
				5C86F82E216E8669007753AF /* EmojiDetailTableViewController.swift */,
				5CB85763216BE06F00367649 /* EmojiTableViewCell.swift */,
			);
			path = "Emoji Detail";
			sourceTree = "<group>";
		};
		5CE790C32170BB57001BEBFF /* Extensions */ = {
			isa = PBXGroup;
			children = (
				5CE790C12170BAFB001BEBFF /* CheckEmoji.swift */,
				5CE790C921732443001BEBFF /* KeyboardHide.swift */,
				5CB168DF21771A0E00980C94 /* CRUDPlist.swift */,
				5CE790CB21732D4A001BEBFF /* HexColor.swift */,
			);
			path = Extensions;
			sourceTree = "<group>";
		};
		5CEA703621B19871002DE87E /* screens */ = {
			isa = PBXGroup;
			children = (
				5CEA703721B19887002DE87E /* IMG_8743D919F347-1.jpeg */,
				5CEA703921B19887002DE87E /* IMG_DC1E0E29A1DA-1.jpeg */,
				5CEA703821B19887002DE87E /* IMG_E5D8E46D044B-1.jpeg */,
			);
			path = screens;
			sourceTree = "<group>";
		};
/* End PBXGroup section */

/* Begin PBXNativeTarget section */
		5CB85749216BC81900367649 /* Emoji Dictionary */ = {
			isa = PBXNativeTarget;
			buildConfigurationList = 5CB8575C216BC81B00367649 /* Build configuration list for PBXNativeTarget "Emoji Dictionary" */;
			buildPhases = (
				5CB85746216BC81900367649 /* Sources */,
				5CB85747216BC81900367649 /* Frameworks */,
				5CB85748216BC81900367649 /* Resources */,
				5CE790C82171DE34001BEBFF /* ShellScript */,
			);
			buildRules = (
			);
			dependencies = (
			);
			name = "Emoji Dictionary";
			productName = "Emoji Dictionary";
			productReference = 5CB8574A216BC81900367649 /* Emoji Dictionary.app */;
			productType = "com.apple.product-type.application";
		};
/* End PBXNativeTarget section */

/* Begin PBXProject section */
		5CB85742216BC81900367649 /* Project object */ = {
			isa = PBXProject;
			attributes = {
				LastSwiftUpdateCheck = 1000;
				LastUpgradeCheck = 1000;
				ORGANIZATIONNAME = "Evgeniy Ryshkov";
				TargetAttributes = {
					5CB85749216BC81900367649 = {
						CreatedOnToolsVersion = 10.0;
					};
				};
			};
			buildConfigurationList = 5CB85745216BC81900367649 /* Build configuration list for PBXProject "Emoji Dictionary" */;
			compatibilityVersion = "Xcode 9.3";
			developmentRegion = en;
			hasScannedForEncodings = 0;
			knownRegions = (
				en,
				Base,
			);
			mainGroup = 5CB85741216BC81900367649;
			productRefGroup = 5CB8574B216BC81900367649 /* Products */;
			projectDirPath = "";
			projectRoot = "";
			targets = (
				5CB85749216BC81900367649 /* Emoji Dictionary */,
			);
		};
/* End PBXProject section */

/* Begin PBXResourcesBuildPhase section */
		5CB85748216BC81900367649 /* Resources */ = {
			isa = PBXResourcesBuildPhase;
			buildActionMask = 2147483647;
			files = (
				5CB85758216BC81B00367649 /* LaunchScreen.storyboard in Resources */,
				5CB168E22177BA8900980C94 /* emojis.plist in Resources */,
				5CEA703A21B19887002DE87E /* IMG_8743D919F347-1.jpeg in Resources */,
				5CB85755216BC81B00367649 /* Assets.xcassets in Resources */,
				5CEA703B21B19887002DE87E /* IMG_E5D8E46D044B-1.jpeg in Resources */,
				5CB85753216BC81900367649 /* Main.storyboard in Resources */,
				5CEA703C21B19887002DE87E /* IMG_DC1E0E29A1DA-1.jpeg in Resources */,
			);
			runOnlyForDeploymentPostprocessing = 0;
		};
/* End PBXResourcesBuildPhase section */

/* Begin PBXShellScriptBuildPhase section */
		5CE790C82171DE34001BEBFF /* ShellScript */ = {
			isa = PBXShellScriptBuildPhase;
			buildActionMask = 2147483647;
			files = (
			);
			inputFileListPaths = (
			);
			inputPaths = (
			);
			outputFileListPaths = (
			);
			outputPaths = (
			);
			runOnlyForDeploymentPostprocessing = 0;
			shellPath = /bin/sh;
			shellScript = "TAGS=\"TODO:|FIXME:\"\nERRORTAG=\"ERROR:\"\nfind \"${SRCROOT}\" \\( -name \"*.h\" -or -name \"*.m\" -or -name \"*.swift\" \\) -print0 | xargs -0 egrep --with-filename --line-number --only-matching \"($TAGS).*\\$|($ERRORTAG).*\\$\" | perl -p -e \"s/($TAGS)/ warning: \\$1/\" | perl -p -e \"s/($ERRORTAG)/ error: \\$1/\"\n";
		};
/* End PBXShellScriptBuildPhase section */

/* Begin PBXSourcesBuildPhase section */
		5CB85746216BC81900367649 /* Sources */ = {
			isa = PBXSourcesBuildPhase;
			buildActionMask = 2147483647;
			files = (
				5CE790C521713124001BEBFF /* EmojiType.swift in Sources */,
				5CE790C0216F79CB001BEBFF /* Emojis.swift in Sources */,
				5CE790CC21732D4A001BEBFF /* HexColor.swift in Sources */,
				5CB85760216BC8C600367649 /* Emoji.swift in Sources */,
				5CE790C72171D1F1001BEBFF /* DetailVCSections.swift in Sources */,
				5CE790C22170BAFB001BEBFF /* CheckEmoji.swift in Sources */,
				5CB168E021771A0E00980C94 /* CRUDPlist.swift in Sources */,
				5CB85762216BCA9900367649 /* EmojiTableViewController.swift in Sources */,
				5CB85764216BE06F00367649 /* EmojiTableViewCell.swift in Sources */,
				5CB8574E216BC81900367649 /* AppDelegate.swift in Sources */,
				5CE790CA21732443001BEBFF /* KeyboardHide.swift in Sources */,
				5C86F82F216E8669007753AF /* EmojiDetailTableViewController.swift in Sources */,
			);
			runOnlyForDeploymentPostprocessing = 0;
		};
/* End PBXSourcesBuildPhase section */

/* Begin PBXVariantGroup section */
		5CB85751216BC81900367649 /* Main.storyboard */ = {
			isa = PBXVariantGroup;
			children = (
				5CB85752216BC81900367649 /* Base */,
			);
			name = Main.storyboard;
			sourceTree = "<group>";
		};
		5CB85756216BC81B00367649 /* LaunchScreen.storyboard */ = {
			isa = PBXVariantGroup;
			children = (
				5CB85757216BC81B00367649 /* Base */,
			);
			name = LaunchScreen.storyboard;
			sourceTree = "<group>";
		};
/* End PBXVariantGroup section */

/* Begin XCBuildConfiguration section */
		5CB8575A216BC81B00367649 /* Debug */ = {
			isa = XCBuildConfiguration;
			buildSettings = {
				ALWAYS_SEARCH_USER_PATHS = NO;
				CLANG_ANALYZER_NONNULL = YES;
				CLANG_ANALYZER_NUMBER_OBJECT_CONVERSION = YES_AGGRESSIVE;
				CLANG_CXX_LANGUAGE_STANDARD = "gnu++14";
				CLANG_CXX_LIBRARY = "libc++";
				CLANG_ENABLE_MODULES = YES;
				CLANG_ENABLE_OBJC_ARC = YES;
				CLANG_ENABLE_OBJC_WEAK = YES;
				CLANG_WARN_BLOCK_CAPTURE_AUTORELEASING = YES;
				CLANG_WARN_BOOL_CONVERSION = YES;
				CLANG_WARN_COMMA = YES;
				CLANG_WARN_CONSTANT_CONVERSION = YES;
				CLANG_WARN_DEPRECATED_OBJC_IMPLEMENTATIONS = YES;
				CLANG_WARN_DIRECT_OBJC_ISA_USAGE = YES_ERROR;
				CLANG_WARN_DOCUMENTATION_COMMENTS = YES;
				CLANG_WARN_EMPTY_BODY = YES;
				CLANG_WARN_ENUM_CONVERSION = YES;
				CLANG_WARN_INFINITE_RECURSION = YES;
				CLANG_WARN_INT_CONVERSION = YES;
				CLANG_WARN_NON_LITERAL_NULL_CONVERSION = YES;
				CLANG_WARN_OBJC_IMPLICIT_RETAIN_SELF = YES;
				CLANG_WARN_OBJC_LITERAL_CONVERSION = YES;
				CLANG_WARN_OBJC_ROOT_CLASS = YES_ERROR;
				CLANG_WARN_RANGE_LOOP_ANALYSIS = YES;
				CLANG_WARN_STRICT_PROTOTYPES = YES;
				CLANG_WARN_SUSPICIOUS_MOVE = YES;
				CLANG_WARN_UNGUARDED_AVAILABILITY = YES_AGGRESSIVE;
				CLANG_WARN_UNREACHABLE_CODE = YES;
				CLANG_WARN__DUPLICATE_METHOD_MATCH = YES;
				CODE_SIGN_IDENTITY = "iPhone Developer";
				COPY_PHASE_STRIP = NO;
				DEBUG_INFORMATION_FORMAT = dwarf;
				ENABLE_STRICT_OBJC_MSGSEND = YES;
				ENABLE_TESTABILITY = YES;
				GCC_C_LANGUAGE_STANDARD = gnu11;
				GCC_DYNAMIC_NO_PIC = NO;
				GCC_NO_COMMON_BLOCKS = YES;
				GCC_OPTIMIZATION_LEVEL = 0;
				GCC_PREPROCESSOR_DEFINITIONS = (
					"DEBUG=1",
					"$(inherited)",
				);
				GCC_WARN_64_TO_32_BIT_CONVERSION = YES;
				GCC_WARN_ABOUT_RETURN_TYPE = YES_ERROR;
				GCC_WARN_UNDECLARED_SELECTOR = YES;
				GCC_WARN_UNINITIALIZED_AUTOS = YES_AGGRESSIVE;
				GCC_WARN_UNUSED_FUNCTION = YES;
				GCC_WARN_UNUSED_VARIABLE = YES;
				IPHONEOS_DEPLOYMENT_TARGET = 12.0;
				MTL_ENABLE_DEBUG_INFO = INCLUDE_SOURCE;
				MTL_FAST_MATH = YES;
				ONLY_ACTIVE_ARCH = YES;
				SDKROOT = iphoneos;
				SWIFT_ACTIVE_COMPILATION_CONDITIONS = DEBUG;
				SWIFT_OPTIMIZATION_LEVEL = "-Onone";
			};
			name = Debug;
		};
		5CB8575B216BC81B00367649 /* Release */ = {
			isa = XCBuildConfiguration;
			buildSettings = {
				ALWAYS_SEARCH_USER_PATHS = NO;
				CLANG_ANALYZER_NONNULL = YES;
				CLANG_ANALYZER_NUMBER_OBJECT_CONVERSION = YES_AGGRESSIVE;
				CLANG_CXX_LANGUAGE_STANDARD = "gnu++14";
				CLANG_CXX_LIBRARY = "libc++";
				CLANG_ENABLE_MODULES = YES;
				CLANG_ENABLE_OBJC_ARC = YES;
				CLANG_ENABLE_OBJC_WEAK = YES;
				CLANG_WARN_BLOCK_CAPTURE_AUTORELEASING = YES;
				CLANG_WARN_BOOL_CONVERSION = YES;
				CLANG_WARN_COMMA = YES;
				CLANG_WARN_CONSTANT_CONVERSION = YES;
				CLANG_WARN_DEPRECATED_OBJC_IMPLEMENTATIONS = YES;
				CLANG_WARN_DIRECT_OBJC_ISA_USAGE = YES_ERROR;
				CLANG_WARN_DOCUMENTATION_COMMENTS = YES;
				CLANG_WARN_EMPTY_BODY = YES;
				CLANG_WARN_ENUM_CONVERSION = YES;
				CLANG_WARN_INFINITE_RECURSION = YES;
				CLANG_WARN_INT_CONVERSION = YES;
				CLANG_WARN_NON_LITERAL_NULL_CONVERSION = YES;
				CLANG_WARN_OBJC_IMPLICIT_RETAIN_SELF = YES;
				CLANG_WARN_OBJC_LITERAL_CONVERSION = YES;
				CLANG_WARN_OBJC_ROOT_CLASS = YES_ERROR;
				CLANG_WARN_RANGE_LOOP_ANALYSIS = YES;
				CLANG_WARN_STRICT_PROTOTYPES = YES;
				CLANG_WARN_SUSPICIOUS_MOVE = YES;
				CLANG_WARN_UNGUARDED_AVAILABILITY = YES_AGGRESSIVE;
				CLANG_WARN_UNREACHABLE_CODE = YES;
				CLANG_WARN__DUPLICATE_METHOD_MATCH = YES;
				CODE_SIGN_IDENTITY = "iPhone Developer";
				COPY_PHASE_STRIP = NO;
				DEBUG_INFORMATION_FORMAT = "dwarf-with-dsym";
				ENABLE_NS_ASSERTIONS = NO;
				ENABLE_STRICT_OBJC_MSGSEND = YES;
				GCC_C_LANGUAGE_STANDARD = gnu11;
				GCC_NO_COMMON_BLOCKS = YES;
				GCC_WARN_64_TO_32_BIT_CONVERSION = YES;
				GCC_WARN_ABOUT_RETURN_TYPE = YES_ERROR;
				GCC_WARN_UNDECLARED_SELECTOR = YES;
				GCC_WARN_UNINITIALIZED_AUTOS = YES_AGGRESSIVE;
				GCC_WARN_UNUSED_FUNCTION = YES;
				GCC_WARN_UNUSED_VARIABLE = YES;
				IPHONEOS_DEPLOYMENT_TARGET = 12.0;
				MTL_ENABLE_DEBUG_INFO = NO;
				MTL_FAST_MATH = YES;
				SDKROOT = iphoneos;
				SWIFT_COMPILATION_MODE = wholemodule;
				SWIFT_OPTIMIZATION_LEVEL = "-O";
				VALIDATE_PRODUCT = YES;
			};
			name = Release;
		};
		5CB8575D216BC81B00367649 /* Debug */ = {
			isa = XCBuildConfiguration;
			buildSettings = {
				ASSETCATALOG_COMPILER_APPICON_NAME = AppIcon;
				CODE_SIGN_STYLE = Manual;
				DEVELOPMENT_TEAM = Z256VMH9HM;
				INFOPLIST_FILE = "Emoji Dictionary/Info.plist";
				LD_RUNPATH_SEARCH_PATHS = (
					"$(inherited)",
					"@executable_path/Frameworks",
				);
				PRODUCT_BUNDLE_IDENTIFIER = "com.dum22ns90.com1004.Emoji-Dictionary";
				PRODUCT_NAME = "$(TARGET_NAME)";
				PROVISIONING_PROFILE_SPECIFIER = 2in1;
				SWIFT_VERSION = 4.2;
				TARGETED_DEVICE_FAMILY = "1,2";
			};
			name = Debug;
		};
		5CB8575E216BC81B00367649 /* Release */ = {
			isa = XCBuildConfiguration;
			buildSettings = {
				ASSETCATALOG_COMPILER_APPICON_NAME = AppIcon;
				CODE_SIGN_STYLE = Manual;
				DEVELOPMENT_TEAM = Z256VMH9HM;
				INFOPLIST_FILE = "Emoji Dictionary/Info.plist";
				LD_RUNPATH_SEARCH_PATHS = (
					"$(inherited)",
					"@executable_path/Frameworks",
				);
				PRODUCT_BUNDLE_IDENTIFIER = "com.dum22ns90.com1004.Emoji-Dictionary";
				PRODUCT_NAME = "$(TARGET_NAME)";
				PROVISIONING_PROFILE_SPECIFIER = 2in1;
				SWIFT_VERSION = 4.2;
				TARGETED_DEVICE_FAMILY = "1,2";
			};
			name = Release;
		};
/* End XCBuildConfiguration section */

/* Begin XCConfigurationList section */
		5CB85745216BC81900367649 /* Build configuration list for PBXProject "Emoji Dictionary" */ = {
			isa = XCConfigurationList;
			buildConfigurations = (
				5CB8575A216BC81B00367649 /* Debug */,
				5CB8575B216BC81B00367649 /* Release */,
			);
			defaultConfigurationIsVisible = 0;
			defaultConfigurationName = Release;
		};
		5CB8575C216BC81B00367649 /* Build configuration list for PBXNativeTarget "Emoji Dictionary" */ = {
			isa = XCConfigurationList;
			buildConfigurations = (
				5CB8575D216BC81B00367649 /* Debug */,
				5CB8575E216BC81B00367649 /* Release */,
			);
			defaultConfigurationIsVisible = 0;
			defaultConfigurationName = Release;
		};
/* End XCConfigurationList section */
	};
	rootObject = 5CB85742216BC81900367649 /* Project object */;
}
